// !$*UTF8*$!
{
	archiveVersion = 1;
	classes = {
	};
	objectVersion = 48;
	objects = {

/* Begin PBXBuildFile section */
		6AA1B7B8027A70FEF9C508F7 /* Pods_Corpora360.framework in Frameworks */ = {isa = PBXBuildFile; fileRef = B68D05A334E9E2F3EB2A7975 /* Pods_Corpora360.framework */; };
		9C8D0AA4217E96020050FFEF /* Article.swift in Sources */ = {isa = PBXBuildFile; fileRef = 9C8D0AA3217E96020050FFEF /* Article.swift */; };
		9C8D0AA6217E99FD0050FFEF /* ArticleManager.swift in Sources */ = {isa = PBXBuildFile; fileRef = 9C8D0AA5217E99FD0050FFEF /* ArticleManager.swift */; };
		9C8D0AA9217F9E870050FFEF /* Utils.swift in Sources */ = {isa = PBXBuildFile; fileRef = 9C8D0AA8217F9E870050FFEF /* Utils.swift */; };
		9C8D0AB22180B6D30050FFEF /* DownloadArticlesInteractor.swift in Sources */ = {isa = PBXBuildFile; fileRef = 9C8D0AB12180B6D30050FFEF /* DownloadArticlesInteractor.swift */; };
		9C8D0ABA2180E4810050FFEF /* SearchMenuController.swift in Sources */ = {isa = PBXBuildFile; fileRef = 9C8D0AB92180E4810050FFEF /* SearchMenuController.swift */; };
		9C8D0ABC2180E49F0050FFEF /* SearchMenuPresenter.swift in Sources */ = {isa = PBXBuildFile; fileRef = 9C8D0ABB2180E49F0050FFEF /* SearchMenuPresenter.swift */; };
		9CE3BFE7217E6DD700838D95 /* AppDelegate.swift in Sources */ = {isa = PBXBuildFile; fileRef = 9CE3BFE6217E6DD700838D95 /* AppDelegate.swift */; };
		9CE3BFE9217E6DD700838D95 /* ViewController.swift in Sources */ = {isa = PBXBuildFile; fileRef = 9CE3BFE8217E6DD700838D95 /* ViewController.swift */; };
		9CE3BFEC217E6DD700838D95 /* Main.storyboard in Resources */ = {isa = PBXBuildFile; fileRef = 9CE3BFEA217E6DD700838D95 /* Main.storyboard */; };
		9CE3BFEE217E6DD700838D95 /* Assets.xcassets in Resources */ = {isa = PBXBuildFile; fileRef = 9CE3BFED217E6DD700838D95 /* Assets.xcassets */; };
		9CE3BFF1217E6DD700838D95 /* LaunchScreen.storyboard in Resources */ = {isa = PBXBuildFile; fileRef = 9CE3BFEF217E6DD700838D95 /* LaunchScreen.storyboard */; };
		9CE3BFFC217E6DD700838D95 /* Corpora360Tests.swift in Sources */ = {isa = PBXBuildFile; fileRef = 9CE3BFFB217E6DD700838D95 /* Corpora360Tests.swift */; };
		A96DB06F6DFC1E1741DB48FF /* Pods_Corpora360Tests.framework in Frameworks */ = {isa = PBXBuildFile; fileRef = AB0DD47E0615591F4E8BF318 /* Pods_Corpora360Tests.framework */; };
/* End PBXBuildFile section */

/* Begin PBXContainerItemProxy section */
		9CE3BFF8217E6DD700838D95 /* PBXContainerItemProxy */ = {
			isa = PBXContainerItemProxy;
			containerPortal = 9CE3BFDB217E6DD700838D95 /* Project object */;
			proxyType = 1;
			remoteGlobalIDString = 9CE3BFE2217E6DD700838D95;
			remoteInfo = Corpora360;
		};
/* End PBXContainerItemProxy section */

/* Begin PBXFileReference section */
		8BAB927784E90C5E69019470 /* Pods-Corpora360.debug.xcconfig */ = {isa = PBXFileReference; includeInIndex = 1; lastKnownFileType = text.xcconfig; name = "Pods-Corpora360.debug.xcconfig"; path = "Pods/Target Support Files/Pods-Corpora360/Pods-Corpora360.debug.xcconfig"; sourceTree = "<group>"; };
		9C8D0AA3217E96020050FFEF /* Article.swift */ = {isa = PBXFileReference; lastKnownFileType = sourcecode.swift; path = Article.swift; sourceTree = "<group>"; };
		9C8D0AA5217E99FD0050FFEF /* ArticleManager.swift */ = {isa = PBXFileReference; lastKnownFileType = sourcecode.swift; path = ArticleManager.swift; sourceTree = "<group>"; };
		9C8D0AA8217F9E870050FFEF /* Utils.swift */ = {isa = PBXFileReference; lastKnownFileType = sourcecode.swift; path = Utils.swift; sourceTree = "<group>"; };
		9C8D0AB12180B6D30050FFEF /* DownloadArticlesInteractor.swift */ = {isa = PBXFileReference; lastKnownFileType = sourcecode.swift; path = DownloadArticlesInteractor.swift; sourceTree = "<group>"; };
		9C8D0AB92180E4810050FFEF /* SearchMenuController.swift */ = {isa = PBXFileReference; lastKnownFileType = sourcecode.swift; path = SearchMenuController.swift; sourceTree = "<group>"; };
		9C8D0ABB2180E49F0050FFEF /* SearchMenuPresenter.swift */ = {isa = PBXFileReference; lastKnownFileType = sourcecode.swift; path = SearchMenuPresenter.swift; sourceTree = "<group>"; };
		9CE3BFE3217E6DD700838D95 /* Corpora360.app */ = {isa = PBXFileReference; explicitFileType = wrapper.application; includeInIndex = 0; path = Corpora360.app; sourceTree = BUILT_PRODUCTS_DIR; };
		9CE3BFE6217E6DD700838D95 /* AppDelegate.swift */ = {isa = PBXFileReference; lastKnownFileType = sourcecode.swift; path = AppDelegate.swift; sourceTree = "<group>"; };
		9CE3BFE8217E6DD700838D95 /* ViewController.swift */ = {isa = PBXFileReference; lastKnownFileType = sourcecode.swift; path = ViewController.swift; sourceTree = "<group>"; };
		9CE3BFEB217E6DD700838D95 /* Base */ = {isa = PBXFileReference; lastKnownFileType = file.storyboard; name = Base; path = Base.lproj/Main.storyboard; sourceTree = "<group>"; };
		9CE3BFED217E6DD700838D95 /* Assets.xcassets */ = {isa = PBXFileReference; lastKnownFileType = folder.assetcatalog; path = Assets.xcassets; sourceTree = "<group>"; };
		9CE3BFF0217E6DD700838D95 /* Base */ = {isa = PBXFileReference; lastKnownFileType = file.storyboard; name = Base; path = Base.lproj/LaunchScreen.storyboard; sourceTree = "<group>"; };
		9CE3BFF2217E6DD700838D95 /* Info.plist */ = {isa = PBXFileReference; lastKnownFileType = text.plist.xml; path = Info.plist; sourceTree = "<group>"; };
		9CE3BFF7217E6DD700838D95 /* Corpora360Tests.xctest */ = {isa = PBXFileReference; explicitFileType = wrapper.cfbundle; includeInIndex = 0; path = Corpora360Tests.xctest; sourceTree = BUILT_PRODUCTS_DIR; };
		9CE3BFFB217E6DD700838D95 /* Corpora360Tests.swift */ = {isa = PBXFileReference; lastKnownFileType = sourcecode.swift; path = Corpora360Tests.swift; sourceTree = "<group>"; };
		9CE3BFFD217E6DD700838D95 /* Info.plist */ = {isa = PBXFileReference; lastKnownFileType = text.plist.xml; path = Info.plist; sourceTree = "<group>"; };
		A9C595237718E422DF46F97E /* Pods-Corpora360.release.xcconfig */ = {isa = PBXFileReference; includeInIndex = 1; lastKnownFileType = text.xcconfig; name = "Pods-Corpora360.release.xcconfig"; path = "Pods/Target Support Files/Pods-Corpora360/Pods-Corpora360.release.xcconfig"; sourceTree = "<group>"; };
		AB0DD47E0615591F4E8BF318 /* Pods_Corpora360Tests.framework */ = {isa = PBXFileReference; explicitFileType = wrapper.framework; includeInIndex = 0; path = Pods_Corpora360Tests.framework; sourceTree = BUILT_PRODUCTS_DIR; };
		B68D05A334E9E2F3EB2A7975 /* Pods_Corpora360.framework */ = {isa = PBXFileReference; explicitFileType = wrapper.framework; includeInIndex = 0; path = Pods_Corpora360.framework; sourceTree = BUILT_PRODUCTS_DIR; };
		D18F3EF80E5BCEFA34092368 /* Pods-Corpora360Tests.debug.xcconfig */ = {isa = PBXFileReference; includeInIndex = 1; lastKnownFileType = text.xcconfig; name = "Pods-Corpora360Tests.debug.xcconfig"; path = "Pods/Target Support Files/Pods-Corpora360Tests/Pods-Corpora360Tests.debug.xcconfig"; sourceTree = "<group>"; };
		D1ECC250703FBB1FAD1ABF42 /* Pods-Corpora360Tests.release.xcconfig */ = {isa = PBXFileReference; includeInIndex = 1; lastKnownFileType = text.xcconfig; name = "Pods-Corpora360Tests.release.xcconfig"; path = "Pods/Target Support Files/Pods-Corpora360Tests/Pods-Corpora360Tests.release.xcconfig"; sourceTree = "<group>"; };
/* End PBXFileReference section */

/* Begin PBXFrameworksBuildPhase section */
		9CE3BFE0217E6DD700838D95 /* Frameworks */ = {
			isa = PBXFrameworksBuildPhase;
			buildActionMask = 2147483647;
			files = (
				6AA1B7B8027A70FEF9C508F7 /* Pods_Corpora360.framework in Frameworks */,
			);
			runOnlyForDeploymentPostprocessing = 0;
		};
		9CE3BFF4217E6DD700838D95 /* Frameworks */ = {
			isa = PBXFrameworksBuildPhase;
			buildActionMask = 2147483647;
			files = (
				A96DB06F6DFC1E1741DB48FF /* Pods_Corpora360Tests.framework in Frameworks */,
			);
			runOnlyForDeploymentPostprocessing = 0;
		};
/* End PBXFrameworksBuildPhase section */

/* Begin PBXGroup section */
		47B6974F50B45AAAEB8D001F /* Frameworks */ = {
			isa = PBXGroup;
			children = (
				B68D05A334E9E2F3EB2A7975 /* Pods_Corpora360.framework */,
				AB0DD47E0615591F4E8BF318 /* Pods_Corpora360Tests.framework */,
			);
			name = Frameworks;
			sourceTree = "<group>";
		};
		73A3159A81F4516D33AB2CC8 /* Pods */ = {
			isa = PBXGroup;
			children = (
				8BAB927784E90C5E69019470 /* Pods-Corpora360.debug.xcconfig */,
				A9C595237718E422DF46F97E /* Pods-Corpora360.release.xcconfig */,
				D18F3EF80E5BCEFA34092368 /* Pods-Corpora360Tests.debug.xcconfig */,
				D1ECC250703FBB1FAD1ABF42 /* Pods-Corpora360Tests.release.xcconfig */,
			);
			name = Pods;
			sourceTree = "<group>";
		};
		9C8D0AA7217F9E720050FFEF /* Utils */ = {
			isa = PBXGroup;
			children = (
				9C8D0AA8217F9E870050FFEF /* Utils.swift */,
			);
			path = Utils;
			sourceTree = "<group>";
		};
		9CE3BFDA217E6DD700838D95 = {
			isa = PBXGroup;
			children = (
				9CE3BFE5217E6DD700838D95 /* Corpora360 */,
				9CE3BFFA217E6DD700838D95 /* Corpora360Tests */,
				9CE3BFE4217E6DD700838D95 /* Products */,
				73A3159A81F4516D33AB2CC8 /* Pods */,
				47B6974F50B45AAAEB8D001F /* Frameworks */,
			);
			sourceTree = "<group>";
		};
		9CE3BFE4217E6DD700838D95 /* Products */ = {
			isa = PBXGroup;
			children = (
				9CE3BFE3217E6DD700838D95 /* Corpora360.app */,
				9CE3BFF7217E6DD700838D95 /* Corpora360Tests.xctest */,
			);
			name = Products;
			sourceTree = "<group>";
		};
		9CE3BFE5217E6DD700838D95 /* Corpora360 */ = {
			isa = PBXGroup;
			children = (
				9CE3C00D217E771400838D95 /* Infraestructure */,
				9CE3C00F217E783B00838D95 /* Bussiness */,
				9CE3C00E217E77F100838D95 /* Resources */,
				9CE3C00C217E76AD00838D95 /* ArticleDetail */,
				9CE3C00B217E769600838D95 /* ArticleList */,
				9CE3C009217E765800838D95 /* SearchMenu */,
				9C8D0AA7217F9E720050FFEF /* Utils */,
				9CE3BFE8217E6DD700838D95 /* ViewController.swift */,
				9CE3BFEA217E6DD700838D95 /* Main.storyboard */,
				9CE3BFF2217E6DD700838D95 /* Info.plist */,
			);
			path = Corpora360;
			sourceTree = "<group>";
		};
		9CE3BFFA217E6DD700838D95 /* Corpora360Tests */ = {
			isa = PBXGroup;
			children = (
				9CE3BFFB217E6DD700838D95 /* Corpora360Tests.swift */,
				9CE3BFFD217E6DD700838D95 /* Info.plist */,
			);
			path = Corpora360Tests;
			sourceTree = "<group>";
		};
		9CE3C009217E765800838D95 /* SearchMenu */ = {
			isa = PBXGroup;
			children = (
				9C8D0AB92180E4810050FFEF /* SearchMenuController.swift */,
				9C8D0ABB2180E49F0050FFEF /* SearchMenuPresenter.swift */,
			);
			path = SearchMenu;
			sourceTree = "<group>";
		};
		9CE3C00B217E769600838D95 /* ArticleList */ = {
			isa = PBXGroup;
			children = (
			);
			path = ArticleList;
			sourceTree = "<group>";
		};
		9CE3C00C217E76AD00838D95 /* ArticleDetail */ = {
			isa = PBXGroup;
			children = (
			);
			path = ArticleDetail;
			sourceTree = "<group>";
		};
		9CE3C00D217E771400838D95 /* Infraestructure */ = {
			isa = PBXGroup;
			children = (
				9CE3BFE6217E6DD700838D95 /* AppDelegate.swift */,
			);
			path = Infraestructure;
			sourceTree = "<group>";
		};
		9CE3C00E217E77F100838D95 /* Resources */ = {
			isa = PBXGroup;
			children = (
				9CE3BFED217E6DD700838D95 /* Assets.xcassets */,
				9CE3BFEF217E6DD700838D95 /* LaunchScreen.storyboard */,
			);
			path = Resources;
			sourceTree = "<group>";
		};
		9CE3C00F217E783B00838D95 /* Bussiness */ = {
			isa = PBXGroup;
			children = (
				9CE3C012217E786D00838D95 /* Models */,
				9CE3C011217E786000838D95 /* Managers */,
				9CE3C010217E785800838D95 /* Interactors */,
			);
			path = Bussiness;
			sourceTree = "<group>";
		};
		9CE3C010217E785800838D95 /* Interactors */ = {
			isa = PBXGroup;
			children = (
				9C8D0AB12180B6D30050FFEF /* DownloadArticlesInteractor.swift */,
			);
			path = Interactors;
			sourceTree = "<group>";
		};
		9CE3C011217E786000838D95 /* Managers */ = {
			isa = PBXGroup;
			children = (
				9C8D0AA5217E99FD0050FFEF /* ArticleManager.swift */,
			);
			path = Managers;
			sourceTree = "<group>";
		};
		9CE3C012217E786D00838D95 /* Models */ = {
			isa = PBXGroup;
			children = (
				9C8D0AA3217E96020050FFEF /* Article.swift */,
			);
			path = Models;
			sourceTree = "<group>";
		};
/* End PBXGroup section */

/* Begin PBXNativeTarget section */
		9CE3BFE2217E6DD700838D95 /* Corpora360 */ = {
			isa = PBXNativeTarget;
			buildConfigurationList = 9CE3C000217E6DD700838D95 /* Build configuration list for PBXNativeTarget "Corpora360" */;
			buildPhases = (
				0281BDB97CD6CEDFEB199EC2 /* [CP] Check Pods Manifest.lock */,
				9CE3BFDF217E6DD700838D95 /* Sources */,
				9CE3BFE0217E6DD700838D95 /* Frameworks */,
				9CE3BFE1217E6DD700838D95 /* Resources */,
				1DE565468BCFFF2AEA5541A3 /* [CP] Embed Pods Frameworks */,
				36E204AEB0077C365EA04087 /* [CP] Copy Pods Resources */,
			);
			buildRules = (
			);
			dependencies = (
			);
			name = Corpora360;
			productName = Corpora360;
			productReference = 9CE3BFE3217E6DD700838D95 /* Corpora360.app */;
			productType = "com.apple.product-type.application";
		};
		9CE3BFF6217E6DD700838D95 /* Corpora360Tests */ = {
			isa = PBXNativeTarget;
			buildConfigurationList = 9CE3C003217E6DD700838D95 /* Build configuration list for PBXNativeTarget "Corpora360Tests" */;
			buildPhases = (
				48A197503461AAA8872FDDFC /* [CP] Check Pods Manifest.lock */,
				9CE3BFF3217E6DD700838D95 /* Sources */,
				9CE3BFF4217E6DD700838D95 /* Frameworks */,
				9CE3BFF5217E6DD700838D95 /* Resources */,
				1512CE5D4FD7D475922B81A5 /* [CP] Embed Pods Frameworks */,
				E1E5A415430FCDDCEDB2CB14 /* [CP] Copy Pods Resources */,
			);
			buildRules = (
			);
			dependencies = (
				9CE3BFF9217E6DD700838D95 /* PBXTargetDependency */,
			);
			name = Corpora360Tests;
			productName = Corpora360Tests;
			productReference = 9CE3BFF7217E6DD700838D95 /* Corpora360Tests.xctest */;
			productType = "com.apple.product-type.bundle.unit-test";
		};
/* End PBXNativeTarget section */

/* Begin PBXProject section */
		9CE3BFDB217E6DD700838D95 /* Project object */ = {
			isa = PBXProject;
			attributes = {
				LastSwiftUpdateCheck = 0920;
				LastUpgradeCheck = 0920;
				ORGANIZATIONNAME = "Eugenio Barquín";
				TargetAttributes = {
					9CE3BFE2217E6DD700838D95 = {
						CreatedOnToolsVersion = 9.2;
						ProvisioningStyle = Automatic;
					};
					9CE3BFF6217E6DD700838D95 = {
						CreatedOnToolsVersion = 9.2;
						ProvisioningStyle = Automatic;
						TestTargetID = 9CE3BFE2217E6DD700838D95;
					};
				};
			};
			buildConfigurationList = 9CE3BFDE217E6DD700838D95 /* Build configuration list for PBXProject "Corpora360" */;
			compatibilityVersion = "Xcode 8.0";
			developmentRegion = en;
			hasScannedForEncodings = 0;
			knownRegions = (
				en,
				Base,
			);
			mainGroup = 9CE3BFDA217E6DD700838D95;
			productRefGroup = 9CE3BFE4217E6DD700838D95 /* Products */;
			projectDirPath = "";
			projectRoot = "";
			targets = (
				9CE3BFE2217E6DD700838D95 /* Corpora360 */,
				9CE3BFF6217E6DD700838D95 /* Corpora360Tests */,
			);
		};
/* End PBXProject section */

/* Begin PBXResourcesBuildPhase section */
		9CE3BFE1217E6DD700838D95 /* Resources */ = {
			isa = PBXResourcesBuildPhase;
			buildActionMask = 2147483647;
			files = (
				9CE3BFF1217E6DD700838D95 /* LaunchScreen.storyboard in Resources */,
				9CE3BFEE217E6DD700838D95 /* Assets.xcassets in Resources */,
				9CE3BFEC217E6DD700838D95 /* Main.storyboard in Resources */,
			);
			runOnlyForDeploymentPostprocessing = 0;
		};
		9CE3BFF5217E6DD700838D95 /* Resources */ = {
			isa = PBXResourcesBuildPhase;
			buildActionMask = 2147483647;
			files = (
			);
			runOnlyForDeploymentPostprocessing = 0;
		};
/* End PBXResourcesBuildPhase section */

/* Begin PBXShellScriptBuildPhase section */
		0281BDB97CD6CEDFEB199EC2 /* [CP] Check Pods Manifest.lock */ = {
			isa = PBXShellScriptBuildPhase;
			buildActionMask = 2147483647;
			files = (
			);
			inputPaths = (
				"${PODS_PODFILE_DIR_PATH}/Podfile.lock",
				"${PODS_ROOT}/Manifest.lock",
			);
			name = "[CP] Check Pods Manifest.lock";
			outputPaths = (
				"$(DERIVED_FILE_DIR)/Pods-Corpora360-checkManifestLockResult.txt",
			);
			runOnlyForDeploymentPostprocessing = 0;
			shellPath = /bin/sh;
			shellScript = "diff \"${PODS_PODFILE_DIR_PATH}/Podfile.lock\" \"${PODS_ROOT}/Manifest.lock\" > /dev/null\nif [ $? != 0 ] ; then\n    # print error to STDERR\n    echo \"error: The sandbox is not in sync with the Podfile.lock. Run 'pod install' or update your CocoaPods installation.\" >&2\n    exit 1\nfi\n# This output is used by Xcode 'outputs' to avoid re-running this script phase.\necho \"SUCCESS\" > \"${SCRIPT_OUTPUT_FILE_0}\"\n";
			showEnvVarsInLog = 0;
		};
		1512CE5D4FD7D475922B81A5 /* [CP] Embed Pods Frameworks */ = {
			isa = PBXShellScriptBuildPhase;
			buildActionMask = 2147483647;
			files = (
			);
			inputPaths = (
			);
			name = "[CP] Embed Pods Frameworks";
			outputPaths = (
			);
			runOnlyForDeploymentPostprocessing = 0;
			shellPath = /bin/sh;
			shellScript = "\"${SRCROOT}/Pods/Target Support Files/Pods-Corpora360Tests/Pods-Corpora360Tests-frameworks.sh\"\n";
			showEnvVarsInLog = 0;
		};
		1DE565468BCFFF2AEA5541A3 /* [CP] Embed Pods Frameworks */ = {
			isa = PBXShellScriptBuildPhase;
			buildActionMask = 2147483647;
			files = (
			);
			inputPaths = (
				"${SRCROOT}/Pods/Target Support Files/Pods-Corpora360/Pods-Corpora360-frameworks.sh",
				"${BUILT_PRODUCTS_DIR}/Alamofire/Alamofire.framework",
				"${BUILT_PRODUCTS_DIR}/Kingfisher/Kingfisher.framework",
				"${BUILT_PRODUCTS_DIR}/SwiftyJSON/SwiftyJSON.framework",
			);
			name = "[CP] Embed Pods Frameworks";
			outputPaths = (
				"${TARGET_BUILD_DIR}/${FRAMEWORKS_FOLDER_PATH}/Alamofire.framework",
				"${TARGET_BUILD_DIR}/${FRAMEWORKS_FOLDER_PATH}/Kingfisher.framework",
				"${TARGET_BUILD_DIR}/${FRAMEWORKS_FOLDER_PATH}/SwiftyJSON.framework",
			);
			runOnlyForDeploymentPostprocessing = 0;
			shellPath = /bin/sh;
			shellScript = "\"${SRCROOT}/Pods/Target Support Files/Pods-Corpora360/Pods-Corpora360-frameworks.sh\"\n";
			showEnvVarsInLog = 0;
		};
		36E204AEB0077C365EA04087 /* [CP] Copy Pods Resources */ = {
			isa = PBXShellScriptBuildPhase;
			buildActionMask = 2147483647;
			files = (
			);
			inputPaths = (
			);
			name = "[CP] Copy Pods Resources";
			outputPaths = (
			);
			runOnlyForDeploymentPostprocessing = 0;
			shellPath = /bin/sh;
			shellScript = "\"${SRCROOT}/Pods/Target Support Files/Pods-Corpora360/Pods-Corpora360-resources.sh\"\n";
			showEnvVarsInLog = 0;
		};
		48A197503461AAA8872FDDFC /* [CP] Check Pods Manifest.lock */ = {
			isa = PBXShellScriptBuildPhase;
			buildActionMask = 2147483647;
			files = (
			);
			inputPaths = (
				"${PODS_PODFILE_DIR_PATH}/Podfile.lock",
				"${PODS_ROOT}/Manifest.lock",
			);
			name = "[CP] Check Pods Manifest.lock";
			outputPaths = (
				"$(DERIVED_FILE_DIR)/Pods-Corpora360Tests-checkManifestLockResult.txt",
			);
			runOnlyForDeploymentPostprocessing = 0;
			shellPath = /bin/sh;
			shellScript = "diff \"${PODS_PODFILE_DIR_PATH}/Podfile.lock\" \"${PODS_ROOT}/Manifest.lock\" > /dev/null\nif [ $? != 0 ] ; then\n    # print error to STDERR\n    echo \"error: The sandbox is not in sync with the Podfile.lock. Run 'pod install' or update your CocoaPods installation.\" >&2\n    exit 1\nfi\n# This output is used by Xcode 'outputs' to avoid re-running this script phase.\necho \"SUCCESS\" > \"${SCRIPT_OUTPUT_FILE_0}\"\n";
			showEnvVarsInLog = 0;
		};
		E1E5A415430FCDDCEDB2CB14 /* [CP] Copy Pods Resources */ = {
			isa = PBXShellScriptBuildPhase;
			buildActionMask = 2147483647;
			files = (
			);
			inputPaths = (
			);
			name = "[CP] Copy Pods Resources";
			outputPaths = (
			);
			runOnlyForDeploymentPostprocessing = 0;
			shellPath = /bin/sh;
			shellScript = "\"${SRCROOT}/Pods/Target Support Files/Pods-Corpora360Tests/Pods-Corpora360Tests-resources.sh\"\n";
			showEnvVarsInLog = 0;
		};
/* End PBXShellScriptBuildPhase section */

/* Begin PBXSourcesBuildPhase section */
		9CE3BFDF217E6DD700838D95 /* Sources */ = {
			isa = PBXSourcesBuildPhase;
			buildActionMask = 2147483647;
			files = (
				9C8D0AA9217F9E870050FFEF /* Utils.swift in Sources */,
				9CE3BFE9217E6DD700838D95 /* ViewController.swift in Sources */,
				9CE3BFE7217E6DD700838D95 /* AppDelegate.swift in Sources */,
				9C8D0AA6217E99FD0050FFEF /* ArticleManager.swift in Sources */,
				9C8D0ABA2180E4810050FFEF /* SearchMenuController.swift in Sources */,
				9C8D0AA4217E96020050FFEF /* Article.swift in Sources */,
				9C8D0AB22180B6D30050FFEF /* DownloadArticlesInteractor.swift in Sources */,
				9C8D0ABC2180E49F0050FFEF /* SearchMenuPresenter.swift in Sources */,
			);
			runOnlyForDeploymentPostprocessing = 0;
		};
		9CE3BFF3217E6DD700838D95 /* Sources */ = {
			isa = PBXSourcesBuildPhase;
			buildActionMask = 2147483647;
			files = (
				9CE3BFFC217E6DD700838D95 /* Corpora360Tests.swift in Sources */,
			);
			runOnlyForDeploymentPostprocessing = 0;
		};
/* End PBXSourcesBuildPhase section */

/* Begin PBXTargetDependency section */
		9CE3BFF9217E6DD700838D95 /* PBXTargetDependency */ = {
			isa = PBXTargetDependency;
			target = 9CE3BFE2217E6DD700838D95 /* Corpora360 */;
			targetProxy = 9CE3BFF8217E6DD700838D95 /* PBXContainerItemProxy */;
		};
/* End PBXTargetDependency section */

/* Begin PBXVariantGroup section */
		9CE3BFEA217E6DD700838D95 /* Main.storyboard */ = {
			isa = PBXVariantGroup;
			children = (
				9CE3BFEB217E6DD700838D95 /* Base */,
			);
			name = Main.storyboard;
			sourceTree = "<group>";
		};
		9CE3BFEF217E6DD700838D95 /* LaunchScreen.storyboard */ = {
			isa = PBXVariantGroup;
			children = (
				9CE3BFF0217E6DD700838D95 /* Base */,
			);
			name = LaunchScreen.storyboard;
			sourceTree = "<group>";
		};
/* End PBXVariantGroup section */

/* Begin XCBuildConfiguration section */
		9CE3BFFE217E6DD700838D95 /* Debug */ = {
			isa = XCBuildConfiguration;
			buildSettings = {
				ALWAYS_SEARCH_USER_PATHS = NO;
				CLANG_ANALYZER_NONNULL = YES;
				CLANG_ANALYZER_NUMBER_OBJECT_CONVERSION = YES_AGGRESSIVE;
				CLANG_CXX_LANGUAGE_STANDARD = "gnu++14";
				CLANG_CXX_LIBRARY = "libc++";
				CLANG_ENABLE_MODULES = YES;
				CLANG_ENABLE_OBJC_ARC = YES;
				CLANG_WARN_BLOCK_CAPTURE_AUTORELEASING = YES;
				CLANG_WARN_BOOL_CONVERSION = YES;
				CLANG_WARN_COMMA = YES;
				CLANG_WARN_CONSTANT_CONVERSION = YES;
				CLANG_WARN_DIRECT_OBJC_ISA_USAGE = YES_ERROR;
				CLANG_WARN_DOCUMENTATION_COMMENTS = YES;
				CLANG_WARN_EMPTY_BODY = YES;
				CLANG_WARN_ENUM_CONVERSION = YES;
				CLANG_WARN_INFINITE_RECURSION = YES;
				CLANG_WARN_INT_CONVERSION = YES;
				CLANG_WARN_NON_LITERAL_NULL_CONVERSION = YES;
				CLANG_WARN_OBJC_LITERAL_CONVERSION = YES;
				CLANG_WARN_OBJC_ROOT_CLASS = YES_ERROR;
				CLANG_WARN_RANGE_LOOP_ANALYSIS = YES;
				CLANG_WARN_STRICT_PROTOTYPES = YES;
				CLANG_WARN_SUSPICIOUS_MOVE = YES;
				CLANG_WARN_UNGUARDED_AVAILABILITY = YES_AGGRESSIVE;
				CLANG_WARN_UNREACHABLE_CODE = YES;
				CLANG_WARN__DUPLICATE_METHOD_MATCH = YES;
				CODE_SIGN_IDENTITY = "iPhone Developer";
				COPY_PHASE_STRIP = NO;
				DEBUG_INFORMATION_FORMAT = dwarf;
				ENABLE_STRICT_OBJC_MSGSEND = YES;
				ENABLE_TESTABILITY = YES;
				GCC_C_LANGUAGE_STANDARD = gnu11;
				GCC_DYNAMIC_NO_PIC = NO;
				GCC_NO_COMMON_BLOCKS = YES;
				GCC_OPTIMIZATION_LEVEL = 0;
				GCC_PREPROCESSOR_DEFINITIONS = (
					"DEBUG=1",
					"$(inherited)",
				);
				GCC_WARN_64_TO_32_BIT_CONVERSION = YES;
				GCC_WARN_ABOUT_RETURN_TYPE = YES_ERROR;
				GCC_WARN_UNDECLARED_SELECTOR = YES;
				GCC_WARN_UNINITIALIZED_AUTOS = YES_AGGRESSIVE;
				GCC_WARN_UNUSED_FUNCTION = YES;
				GCC_WARN_UNUSED_VARIABLE = YES;
				IPHONEOS_DEPLOYMENT_TARGET = 11.2;
				MTL_ENABLE_DEBUG_INFO = YES;
				ONLY_ACTIVE_ARCH = YES;
				SDKROOT = iphoneos;
				SWIFT_ACTIVE_COMPILATION_CONDITIONS = DEBUG;
				SWIFT_OPTIMIZATION_LEVEL = "-Onone";
				SWIFT_VERSION = 3.0;
			};
			name = Debug;
		};
		9CE3BFFF217E6DD700838D95 /* Release */ = {
			isa = XCBuildConfiguration;
			buildSettings = {
				ALWAYS_SEARCH_USER_PATHS = NO;
				CLANG_ANALYZER_NONNULL = YES;
				CLANG_ANALYZER_NUMBER_OBJECT_CONVERSION = YES_AGGRESSIVE;
				CLANG_CXX_LANGUAGE_STANDARD = "gnu++14";
				CLANG_CXX_LIBRARY = "libc++";
				CLANG_ENABLE_MODULES = YES;
				CLANG_ENABLE_OBJC_ARC = YES;
				CLANG_WARN_BLOCK_CAPTURE_AUTORELEASING = YES;
				CLANG_WARN_BOOL_CONVERSION = YES;
				CLANG_WARN_COMMA = YES;
				CLANG_WARN_CONSTANT_CONVERSION = YES;
				CLANG_WARN_DIRECT_OBJC_ISA_USAGE = YES_ERROR;
				CLANG_WARN_DOCUMENTATION_COMMENTS = YES;
				CLANG_WARN_EMPTY_BODY = YES;
				CLANG_WARN_ENUM_CONVERSION = YES;
				CLANG_WARN_INFINITE_RECURSION = YES;
				CLANG_WARN_INT_CONVERSION = YES;
				CLANG_WARN_NON_LITERAL_NULL_CONVERSION = YES;
				CLANG_WARN_OBJC_LITERAL_CONVERSION = YES;
				CLANG_WARN_OBJC_ROOT_CLASS = YES_ERROR;
				CLANG_WARN_RANGE_LOOP_ANALYSIS = YES;
				CLANG_WARN_STRICT_PROTOTYPES = YES;
				CLANG_WARN_SUSPICIOUS_MOVE = YES;
				CLANG_WARN_UNGUARDED_AVAILABILITY = YES_AGGRESSIVE;
				CLANG_WARN_UNREACHABLE_CODE = YES;
				CLANG_WARN__DUPLICATE_METHOD_MATCH = YES;
				CODE_SIGN_IDENTITY = "iPhone Developer";
				COPY_PHASE_STRIP = NO;
				DEBUG_INFORMATION_FORMAT = "dwarf-with-dsym";
				ENABLE_NS_ASSERTIONS = NO;
				ENABLE_STRICT_OBJC_MSGSEND = YES;
				GCC_C_LANGUAGE_STANDARD = gnu11;
				GCC_NO_COMMON_BLOCKS = YES;
				GCC_WARN_64_TO_32_BIT_CONVERSION = YES;
				GCC_WARN_ABOUT_RETURN_TYPE = YES_ERROR;
				GCC_WARN_UNDECLARED_SELECTOR = YES;
				GCC_WARN_UNINITIALIZED_AUTOS = YES_AGGRESSIVE;
				GCC_WARN_UNUSED_FUNCTION = YES;
				GCC_WARN_UNUSED_VARIABLE = YES;
				IPHONEOS_DEPLOYMENT_TARGET = 11.2;
				MTL_ENABLE_DEBUG_INFO = NO;
				SDKROOT = iphoneos;
				SWIFT_OPTIMIZATION_LEVEL = "-Owholemodule";
				SWIFT_VERSION = 3.0;
				VALIDATE_PRODUCT = YES;
			};
			name = Release;
		};
		9CE3C001217E6DD700838D95 /* Debug */ = {
			isa = XCBuildConfiguration;
			baseConfigurationReference = 8BAB927784E90C5E69019470 /* Pods-Corpora360.debug.xcconfig */;
			buildSettings = {
				ASSETCATALOG_COMPILER_APPICON_NAME = AppIcon;
				CODE_SIGN_STYLE = Automatic;
				DEVELOPMENT_TEAM = 3XPZ2XV3WU;
				INFOPLIST_FILE = Corpora360/Info.plist;
				IPHONEOS_DEPLOYMENT_TARGET = 11.2;
				LD_RUNPATH_SEARCH_PATHS = "$(inherited) @executable_path/Frameworks";
				PRODUCT_BUNDLE_IDENTIFIER = com.eugeniobarquin.Corpora360;
				PRODUCT_NAME = "$(TARGET_NAME)";
				SWIFT_VERSION = 4.0;
				TARGETED_DEVICE_FAMILY = 1;
			};
			name = Debug;
		};
		9CE3C002217E6DD700838D95 /* Release */ = {
			isa = XCBuildConfiguration;
			baseConfigurationReference = A9C595237718E422DF46F97E /* Pods-Corpora360.release.xcconfig */;
			buildSettings = {
				ASSETCATALOG_COMPILER_APPICON_NAME = AppIcon;
				CODE_SIGN_STYLE = Automatic;
				DEVELOPMENT_TEAM = 3XPZ2XV3WU;
				INFOPLIST_FILE = Corpora360/Info.plist;
				IPHONEOS_DEPLOYMENT_TARGET = 11.2;
				LD_RUNPATH_SEARCH_PATHS = "$(inherited) @executable_path/Frameworks";
				PRODUCT_BUNDLE_IDENTIFIER = com.eugeniobarquin.Corpora360;
				PRODUCT_NAME = "$(TARGET_NAME)";
				SWIFT_VERSION = 4.0;
				TARGETED_DEVICE_FAMILY = 1;
			};
			name = Release;
		};
		9CE3C004217E6DD700838D95 /* Debug */ = {
			isa = XCBuildConfiguration;
			baseConfigurationReference = D18F3EF80E5BCEFA34092368 /* Pods-Corpora360Tests.debug.xcconfig */;
			buildSettings = {
				ALWAYS_EMBED_SWIFT_STANDARD_LIBRARIES = YES;
				BUNDLE_LOADER = "$(TEST_HOST)";
				CODE_SIGN_STYLE = Automatic;
				DEVELOPMENT_TEAM = 3XPZ2XV3WU;
				INFOPLIST_FILE = Corpora360Tests/Info.plist;
				LD_RUNPATH_SEARCH_PATHS = "$(inherited) @executable_path/Frameworks @loader_path/Frameworks";
				PRODUCT_BUNDLE_IDENTIFIER = com.eugeniobarquin.Corpora360Tests;
				PRODUCT_NAME = "$(TARGET_NAME)";
				SWIFT_VERSION = 4.0;
				TARGETED_DEVICE_FAMILY = "1,2";
				TEST_HOST = "$(BUILT_PRODUCTS_DIR)/Corpora360.app/Corpora360";
			};
			name = Debug;
		};
		9CE3C005217E6DD700838D95 /* Release */ = {
			isa = XCBuildConfiguration;
			baseConfigurationReference = D1ECC250703FBB1FAD1ABF42 /* Pods-Corpora360Tests.release.xcconfig */;
			buildSettings = {
				ALWAYS_EMBED_SWIFT_STANDARD_LIBRARIES = YES;
				BUNDLE_LOADER = "$(TEST_HOST)";
				CODE_SIGN_STYLE = Automatic;
				DEVELOPMENT_TEAM = 3XPZ2XV3WU;
				INFOPLIST_FILE = Corpora360Tests/Info.plist;
				LD_RUNPATH_SEARCH_PATHS = "$(inherited) @executable_path/Frameworks @loader_path/Frameworks";
				PRODUCT_BUNDLE_IDENTIFIER = com.eugeniobarquin.Corpora360Tests;
				PRODUCT_NAME = "$(TARGET_NAME)";
				SWIFT_VERSION = 4.0;
				TARGETED_DEVICE_FAMILY = "1,2";
				TEST_HOST = "$(BUILT_PRODUCTS_DIR)/Corpora360.app/Corpora360";
			};
			name = Release;
		};
/* End XCBuildConfiguration section */

/* Begin XCConfigurationList section */
		9CE3BFDE217E6DD700838D95 /* Build configuration list for PBXProject "Corpora360" */ = {
			isa = XCConfigurationList;
			buildConfigurations = (
				9CE3BFFE217E6DD700838D95 /* Debug */,
				9CE3BFFF217E6DD700838D95 /* Release */,
			);
			defaultConfigurationIsVisible = 0;
			defaultConfigurationName = Release;
		};
		9CE3C000217E6DD700838D95 /* Build configuration list for PBXNativeTarget "Corpora360" */ = {
			isa = XCConfigurationList;
			buildConfigurations = (
				9CE3C001217E6DD700838D95 /* Debug */,
				9CE3C002217E6DD700838D95 /* Release */,
			);
			defaultConfigurationIsVisible = 0;
			defaultConfigurationName = Release;
		};
		9CE3C003217E6DD700838D95 /* Build configuration list for PBXNativeTarget "Corpora360Tests" */ = {
			isa = XCConfigurationList;
			buildConfigurations = (
				9CE3C004217E6DD700838D95 /* Debug */,
				9CE3C005217E6DD700838D95 /* Release */,
			);
			defaultConfigurationIsVisible = 0;
			defaultConfigurationName = Release;
		};
/* End XCConfigurationList section */
	};
	rootObject = 9CE3BFDB217E6DD700838D95 /* Project object */;
}
